// !$*UTF8*$!
{
	archiveVersion = 1;
	classes = {
	};
	objectVersion = 55;
	objects = {

/* Begin PBXBuildFile section */
		06D3C21D28C1F83C0079B438 /* AppDelegate.swift in Sources */ = {isa = PBXBuildFile; fileRef = 06D3C21C28C1F83C0079B438 /* AppDelegate.swift */; };
		06D3C21F28C1F83C0079B438 /* SceneDelegate.swift in Sources */ = {isa = PBXBuildFile; fileRef = 06D3C21E28C1F83C0079B438 /* SceneDelegate.swift */; };
		06D3C22128C1F83C0079B438 /* ViewController.swift in Sources */ = {isa = PBXBuildFile; fileRef = 06D3C22028C1F83C0079B438 /* ViewController.swift */; };
		06D3C22428C1F83C0079B438 /* Main.storyboard in Resources */ = {isa = PBXBuildFile; fileRef = 06D3C22228C1F83C0079B438 /* Main.storyboard */; };
		06D3C22628C1F83D0079B438 /* Assets.xcassets in Resources */ = {isa = PBXBuildFile; fileRef = 06D3C22528C1F83D0079B438 /* Assets.xcassets */; };
		06D3C23428C1F83E0079B438 /* CustomSwitchTests.swift in Sources */ = {isa = PBXBuildFile; fileRef = 06D3C23328C1F83E0079B438 /* CustomSwitchTests.swift */; };
		06D3C23E28C1F83E0079B438 /* CustomSwitchUITests.swift in Sources */ = {isa = PBXBuildFile; fileRef = 06D3C23D28C1F83E0079B438 /* CustomSwitchUITests.swift */; };
		06D3C24028C1F83E0079B438 /* CustomSwitchUITestsLaunchTests.swift in Sources */ = {isa = PBXBuildFile; fileRef = 06D3C23F28C1F83E0079B438 /* CustomSwitchUITestsLaunchTests.swift */; };
/* End PBXBuildFile section */

/* Begin PBXContainerItemProxy section */
		06D3C23028C1F83E0079B438 /* PBXContainerItemProxy */ = {
			isa = PBXContainerItemProxy;
			containerPortal = 06D3C21128C1F83C0079B438 /* Project object */;
			proxyType = 1;
			remoteGlobalIDString = 06D3C21828C1F83C0079B438;
			remoteInfo = CustomSwitch;
		};
		06D3C23A28C1F83E0079B438 /* PBXContainerItemProxy */ = {
			isa = PBXContainerItemProxy;
			containerPortal = 06D3C21128C1F83C0079B438 /* Project object */;
			proxyType = 1;
			remoteGlobalIDString = 06D3C21828C1F83C0079B438;
			remoteInfo = CustomSwitch;
		};
/* End PBXContainerItemProxy section */

/* Begin PBXFileReference section */
		06D3C21928C1F83C0079B438 /* CustomSwitch.app */ = {isa = PBXFileReference; explicitFileType = wrapper.application; includeInIndex = 0; path = CustomSwitch.app; sourceTree = BUILT_PRODUCTS_DIR; };
		06D3C21C28C1F83C0079B438 /* AppDelegate.swift */ = {isa = PBXFileReference; lastKnownFileType = sourcecode.swift; path = AppDelegate.swift; sourceTree = "<group>"; };
		06D3C21E28C1F83C0079B438 /* SceneDelegate.swift */ = {isa = PBXFileReference; lastKnownFileType = sourcecode.swift; path = SceneDelegate.swift; sourceTree = "<group>"; };
		06D3C22028C1F83C0079B438 /* ViewController.swift */ = {isa = PBXFileReference; lastKnownFileType = sourcecode.swift; path = ViewController.swift; sourceTree = "<group>"; };
		06D3C22328C1F83C0079B438 /* Base */ = {isa = PBXFileReference; lastKnownFileType = file.storyboard; name = Base; path = Base.lproj/Main.storyboard; sourceTree = "<group>"; };
		06D3C22528C1F83D0079B438 /* Assets.xcassets */ = {isa = PBXFileReference; lastKnownFileType = folder.assetcatalog; path = Assets.xcassets; sourceTree = "<group>"; };
		06D3C22A28C1F83D0079B438 /* Info.plist */ = {isa = PBXFileReference; lastKnownFileType = text.plist.xml; path = Info.plist; sourceTree = "<group>"; };
		06D3C22F28C1F83E0079B438 /* CustomSwitchTests.xctest */ = {isa = PBXFileReference; explicitFileType = wrapper.cfbundle; includeInIndex = 0; path = CustomSwitchTests.xctest; sourceTree = BUILT_PRODUCTS_DIR; };
		06D3C23328C1F83E0079B438 /* CustomSwitchTests.swift */ = {isa = PBXFileReference; lastKnownFileType = sourcecode.swift; path = CustomSwitchTests.swift; sourceTree = "<group>"; };
		06D3C23928C1F83E0079B438 /* CustomSwitchUITests.xctest */ = {isa = PBXFileReference; explicitFileType = wrapper.cfbundle; includeInIndex = 0; path = CustomSwitchUITests.xctest; sourceTree = BUILT_PRODUCTS_DIR; };
		06D3C23D28C1F83E0079B438 /* CustomSwitchUITests.swift */ = {isa = PBXFileReference; lastKnownFileType = sourcecode.swift; path = CustomSwitchUITests.swift; sourceTree = "<group>"; };
		06D3C23F28C1F83E0079B438 /* CustomSwitchUITestsLaunchTests.swift */ = {isa = PBXFileReference; lastKnownFileType = sourcecode.swift; path = CustomSwitchUITestsLaunchTests.swift; sourceTree = "<group>"; };
/* End PBXFileReference section */

/* Begin PBXFrameworksBuildPhase section */
		06D3C21628C1F83C0079B438 /* Frameworks */ = {
			isa = PBXFrameworksBuildPhase;
			buildActionMask = 2147483647;
			files = (
			);
			runOnlyForDeploymentPostprocessing = 0;
		};
		06D3C22C28C1F83E0079B438 /* Frameworks */ = {
			isa = PBXFrameworksBuildPhase;
			buildActionMask = 2147483647;
			files = (
			);
			runOnlyForDeploymentPostprocessing = 0;
		};
		06D3C23628C1F83E0079B438 /* Frameworks */ = {
			isa = PBXFrameworksBuildPhase;
			buildActionMask = 2147483647;
			files = (
			);
			runOnlyForDeploymentPostprocessing = 0;
		};
/* End PBXFrameworksBuildPhase section */

/* Begin PBXGroup section */
		06D3C21028C1F83C0079B438 = {
			isa = PBXGroup;
			children = (
				06D3C21B28C1F83C0079B438 /* CustomSwitch */,
				06D3C23228C1F83E0079B438 /* CustomSwitchTests */,
				06D3C23C28C1F83E0079B438 /* CustomSwitchUITests */,
				06D3C21A28C1F83C0079B438 /* Products */,
			);
			sourceTree = "<group>";
		};
		06D3C21A28C1F83C0079B438 /* Products */ = {
			isa = PBXGroup;
			children = (
				06D3C21928C1F83C0079B438 /* CustomSwitch.app */,
				06D3C22F28C1F83E0079B438 /* CustomSwitchTests.xctest */,
				06D3C23928C1F83E0079B438 /* CustomSwitchUITests.xctest */,
			);
			name = Products;
			sourceTree = "<group>";
		};
		06D3C21B28C1F83C0079B438 /* CustomSwitch */ = {
			isa = PBXGroup;
			children = (
				06D3C21C28C1F83C0079B438 /* AppDelegate.swift */,
				06D3C21E28C1F83C0079B438 /* SceneDelegate.swift */,
				06D3C22028C1F83C0079B438 /* ViewController.swift */,
				06D3C22228C1F83C0079B438 /* Main.storyboard */,
				06D3C22528C1F83D0079B438 /* Assets.xcassets */,
				06D3C22A28C1F83D0079B438 /* Info.plist */,
			);
			path = CustomSwitch;
			sourceTree = "<group>";
		};
		06D3C23228C1F83E0079B438 /* CustomSwitchTests */ = {
			isa = PBXGroup;
			children = (
				06D3C23328C1F83E0079B438 /* CustomSwitchTests.swift */,
			);
			path = CustomSwitchTests;
			sourceTree = "<group>";
		};
		06D3C23C28C1F83E0079B438 /* CustomSwitchUITests */ = {
			isa = PBXGroup;
			children = (
				06D3C23D28C1F83E0079B438 /* CustomSwitchUITests.swift */,
				06D3C23F28C1F83E0079B438 /* CustomSwitchUITestsLaunchTests.swift */,
			);
			path = CustomSwitchUITests;
			sourceTree = "<group>";
		};
/* End PBXGroup section */

/* Begin PBXNativeTarget section */
		06D3C21828C1F83C0079B438 /* CustomSwitch */ = {
			isa = PBXNativeTarget;
			buildConfigurationList = 06D3C24328C1F83E0079B438 /* Build configuration list for PBXNativeTarget "CustomSwitch" */;
			buildPhases = (
				06D3C21528C1F83C0079B438 /* Sources */,
				06D3C21628C1F83C0079B438 /* Frameworks */,
				06D3C21728C1F83C0079B438 /* Resources */,
			);
			buildRules = (
			);
			dependencies = (
			);
			name = CustomSwitch;
			productName = CustomSwitch;
			productReference = 06D3C21928C1F83C0079B438 /* CustomSwitch.app */;
			productType = "com.apple.product-type.application";
		};
		06D3C22E28C1F83E0079B438 /* CustomSwitchTests */ = {
			isa = PBXNativeTarget;
			buildConfigurationList = 06D3C24628C1F83E0079B438 /* Build configuration list for PBXNativeTarget "CustomSwitchTests" */;
			buildPhases = (
				06D3C22B28C1F83E0079B438 /* Sources */,
				06D3C22C28C1F83E0079B438 /* Frameworks */,
				06D3C22D28C1F83E0079B438 /* Resources */,
			);
			buildRules = (
			);
			dependencies = (
				06D3C23128C1F83E0079B438 /* PBXTargetDependency */,
			);
			name = CustomSwitchTests;
			productName = CustomSwitchTests;
			productReference = 06D3C22F28C1F83E0079B438 /* CustomSwitchTests.xctest */;
			productType = "com.apple.product-type.bundle.unit-test";
		};
		06D3C23828C1F83E0079B438 /* CustomSwitchUITests */ = {
			isa = PBXNativeTarget;
			buildConfigurationList = 06D3C24928C1F83E0079B438 /* Build configuration list for PBXNativeTarget "CustomSwitchUITests" */;
			buildPhases = (
				06D3C23528C1F83E0079B438 /* Sources */,
				06D3C23628C1F83E0079B438 /* Frameworks */,
				06D3C23728C1F83E0079B438 /* Resources */,
			);
			buildRules = (
			);
			dependencies = (
				06D3C23B28C1F83E0079B438 /* PBXTargetDependency */,
			);
			name = CustomSwitchUITests;
			productName = CustomSwitchUITests;
			productReference = 06D3C23928C1F83E0079B438 /* CustomSwitchUITests.xctest */;
			productType = "com.apple.product-type.bundle.ui-testing";
		};
/* End PBXNativeTarget section */

/* Begin PBXProject section */
		06D3C21128C1F83C0079B438 /* Project object */ = {
			isa = PBXProject;
			attributes = {
				BuildIndependentTargetsInParallel = 1;
				LastSwiftUpdateCheck = 1340;
				LastUpgradeCheck = 1340;
				TargetAttributes = {
					06D3C21828C1F83C0079B438 = {
						CreatedOnToolsVersion = 13.4.1;
					};
					06D3C22E28C1F83E0079B438 = {
						CreatedOnToolsVersion = 13.4.1;
						TestTargetID = 06D3C21828C1F83C0079B438;
					};
					06D3C23828C1F83E0079B438 = {
						CreatedOnToolsVersion = 13.4.1;
						TestTargetID = 06D3C21828C1F83C0079B438;
					};
				};
			};
			buildConfigurationList = 06D3C21428C1F83C0079B438 /* Build configuration list for PBXProject "CustomSwitch" */;
			compatibilityVersion = "Xcode 13.0";
			developmentRegion = en;
			hasScannedForEncodings = 0;
			knownRegions = (
				en,
				Base,
			);
			mainGroup = 06D3C21028C1F83C0079B438;
			productRefGroup = 06D3C21A28C1F83C0079B438 /* Products */;
			projectDirPath = "";
			projectRoot = "";
			targets = (
				06D3C21828C1F83C0079B438 /* CustomSwitch */,
				06D3C22E28C1F83E0079B438 /* CustomSwitchTests */,
				06D3C23828C1F83E0079B438 /* CustomSwitchUITests */,
			);
		};
/* End PBXProject section */

/* Begin PBXResourcesBuildPhase section */
		06D3C21728C1F83C0079B438 /* Resources */ = {
			isa = PBXResourcesBuildPhase;
			buildActionMask = 2147483647;
			files = (
				06D3C22628C1F83D0079B438 /* Assets.xcassets in Resources */,
				06D3C22428C1F83C0079B438 /* Main.storyboard in Resources */,
			);
			runOnlyForDeploymentPostprocessing = 0;
		};
		06D3C22D28C1F83E0079B438 /* Resources */ = {
			isa = PBXResourcesBuildPhase;
			buildActionMask = 2147483647;
			files = (
			);
			runOnlyForDeploymentPostprocessing = 0;
		};
		06D3C23728C1F83E0079B438 /* Resources */ = {
			isa = PBXResourcesBuildPhase;
			buildActionMask = 2147483647;
			files = (
			);
			runOnlyForDeploymentPostprocessing = 0;
		};
/* End PBXResourcesBuildPhase section */

/* Begin PBXSourcesBuildPhase section */
		06D3C21528C1F83C0079B438 /* Sources */ = {
			isa = PBXSourcesBuildPhase;
			buildActionMask = 2147483647;
			files = (
				06D3C22128C1F83C0079B438 /* ViewController.swift in Sources */,
				06D3C21D28C1F83C0079B438 /* AppDelegate.swift in Sources */,
				06D3C21F28C1F83C0079B438 /* SceneDelegate.swift in Sources */,
			);
			runOnlyForDeploymentPostprocessing = 0;
		};
		06D3C22B28C1F83E0079B438 /* Sources */ = {
			isa = PBXSourcesBuildPhase;
			buildActionMask = 2147483647;
			files = (
				06D3C23428C1F83E0079B438 /* CustomSwitchTests.swift in Sources */,
			);
			runOnlyForDeploymentPostprocessing = 0;
		};
		06D3C23528C1F83E0079B438 /* Sources */ = {
			isa = PBXSourcesBuildPhase;
			buildActionMask = 2147483647;
			files = (
				06D3C23E28C1F83E0079B438 /* CustomSwitchUITests.swift in Sources */,
				06D3C24028C1F83E0079B438 /* CustomSwitchUITestsLaunchTests.swift in Sources */,
			);
			runOnlyForDeploymentPostprocessing = 0;
		};
/* End PBXSourcesBuildPhase section */

/* Begin PBXTargetDependency section */
		06D3C23128C1F83E0079B438 /* PBXTargetDependency */ = {
			isa = PBXTargetDependency;
			target = 06D3C21828C1F83C0079B438 /* CustomSwitch */;
			targetProxy = 06D3C23028C1F83E0079B438 /* PBXContainerItemProxy */;
		};
		06D3C23B28C1F83E0079B438 /* PBXTargetDependency */ = {
			isa = PBXTargetDependency;
			target = 06D3C21828C1F83C0079B438 /* CustomSwitch */;
			targetProxy = 06D3C23A28C1F83E0079B438 /* PBXContainerItemProxy */;
		};
/* End PBXTargetDependency section */

/* Begin PBXVariantGroup section */
		06D3C22228C1F83C0079B438 /* Main.storyboard */ = {
			isa = PBXVariantGroup;
			children = (
				06D3C22328C1F83C0079B438 /* Base */,
			);
			name = Main.storyboard;
			sourceTree = "<group>";
		};
/* End PBXVariantGroup section */

/* Begin XCBuildConfiguration section */
		06D3C24128C1F83E0079B438 /* Debug */ = {
			isa = XCBuildConfiguration;
			buildSettings = {
				ALWAYS_SEARCH_USER_PATHS = NO;
				CLANG_ANALYZER_NONNULL = YES;
				CLANG_ANALYZER_NUMBER_OBJECT_CONVERSION = YES_AGGRESSIVE;
				CLANG_CXX_LANGUAGE_STANDARD = "gnu++17";
				CLANG_ENABLE_MODULES = YES;
				CLANG_ENABLE_OBJC_ARC = YES;
				CLANG_ENABLE_OBJC_WEAK = YES;
				CLANG_WARN_BLOCK_CAPTURE_AUTORELEASING = YES;
				CLANG_WARN_BOOL_CONVERSION = YES;
				CLANG_WARN_COMMA = YES;
				CLANG_WARN_CONSTANT_CONVERSION = YES;
				CLANG_WARN_DEPRECATED_OBJC_IMPLEMENTATIONS = YES;
				CLANG_WARN_DIRECT_OBJC_ISA_USAGE = YES_ERROR;
				CLANG_WARN_DOCUMENTATION_COMMENTS = YES;
				CLANG_WARN_EMPTY_BODY = YES;
				CLANG_WARN_ENUM_CONVERSION = YES;
				CLANG_WARN_INFINITE_RECURSION = YES;
				CLANG_WARN_INT_CONVERSION = YES;
				CLANG_WARN_NON_LITERAL_NULL_CONVERSION = YES;
				CLANG_WARN_OBJC_IMPLICIT_RETAIN_SELF = YES;
				CLANG_WARN_OBJC_LITERAL_CONVERSION = YES;
				CLANG_WARN_OBJC_ROOT_CLASS = YES_ERROR;
				CLANG_WARN_QUOTED_INCLUDE_IN_FRAMEWORK_HEADER = YES;
				CLANG_WARN_RANGE_LOOP_ANALYSIS = YES;
				CLANG_WARN_STRICT_PROTOTYPES = YES;
				CLANG_WARN_SUSPICIOUS_MOVE = YES;
				CLANG_WARN_UNGUARDED_AVAILABILITY = YES_AGGRESSIVE;
				CLANG_WARN_UNREACHABLE_CODE = YES;
				CLANG_WARN__DUPLICATE_METHOD_MATCH = YES;
				COPY_PHASE_STRIP = NO;
				DEBUG_INFORMATION_FORMAT = dwarf;
				ENABLE_STRICT_OBJC_MSGSEND = YES;
				ENABLE_TESTABILITY = YES;
				GCC_C_LANGUAGE_STANDARD = gnu11;
				GCC_DYNAMIC_NO_PIC = NO;
				GCC_NO_COMMON_BLOCKS = YES;
				GCC_OPTIMIZATION_LEVEL = 0;
				GCC_PREPROCESSOR_DEFINITIONS = (
					"DEBUG=1",
					"$(inherited)",
				);
				GCC_WARN_64_TO_32_BIT_CONVERSION = YES;
				GCC_WARN_ABOUT_RETURN_TYPE = YES_ERROR;
				GCC_WARN_UNDECLARED_SELECTOR = YES;
				GCC_WARN_UNINITIALIZED_AUTOS = YES_AGGRESSIVE;
				GCC_WARN_UNUSED_FUNCTION = YES;
				GCC_WARN_UNUSED_VARIABLE = YES;
				IPHONEOS_DEPLOYMENT_TARGET = 15.5;
				MTL_ENABLE_DEBUG_INFO = INCLUDE_SOURCE;
				MTL_FAST_MATH = YES;
				ONLY_ACTIVE_ARCH = YES;
				SDKROOT = iphoneos;
				SWIFT_ACTIVE_COMPILATION_CONDITIONS = DEBUG;
				SWIFT_OPTIMIZATION_LEVEL = "-Onone";
			};
			name = Debug;
		};
		06D3C24228C1F83E0079B438 /* Release */ = {
			isa = XCBuildConfiguration;
			buildSettings = {
				ALWAYS_SEARCH_USER_PATHS = NO;
				CLANG_ANALYZER_NONNULL = YES;
				CLANG_ANALYZER_NUMBER_OBJECT_CONVERSION = YES_AGGRESSIVE;
				CLANG_CXX_LANGUAGE_STANDARD = "gnu++17";
				CLANG_ENABLE_MODULES = YES;
				CLANG_ENABLE_OBJC_ARC = YES;
				CLANG_ENABLE_OBJC_WEAK = YES;
				CLANG_WARN_BLOCK_CAPTURE_AUTORELEASING = YES;
				CLANG_WARN_BOOL_CONVERSION = YES;
				CLANG_WARN_COMMA = YES;
				CLANG_WARN_CONSTANT_CONVERSION = YES;
				CLANG_WARN_DEPRECATED_OBJC_IMPLEMENTATIONS = YES;
				CLANG_WARN_DIRECT_OBJC_ISA_USAGE = YES_ERROR;
				CLANG_WARN_DOCUMENTATION_COMMENTS = YES;
				CLANG_WARN_EMPTY_BODY = YES;
				CLANG_WARN_ENUM_CONVERSION = YES;
				CLANG_WARN_INFINITE_RECURSION = YES;
				CLANG_WARN_INT_CONVERSION = YES;
				CLANG_WARN_NON_LITERAL_NULL_CONVERSION = YES;
				CLANG_WARN_OBJC_IMPLICIT_RETAIN_SELF = YES;
				CLANG_WARN_OBJC_LITERAL_CONVERSION = YES;
				CLANG_WARN_OBJC_ROOT_CLASS = YES_ERROR;
				CLANG_WARN_QUOTED_INCLUDE_IN_FRAMEWORK_HEADER = YES;
				CLANG_WARN_RANGE_LOOP_ANALYSIS = YES;
				CLANG_WARN_STRICT_PROTOTYPES = YES;
				CLANG_WARN_SUSPICIOUS_MOVE = YES;
				CLANG_WARN_UNGUARDED_AVAILABILITY = YES_AGGRESSIVE;
				CLANG_WARN_UNREACHABLE_CODE = YES;
				CLANG_WARN__DUPLICATE_METHOD_MATCH = YES;
				COPY_PHASE_STRIP = NO;
				DEBUG_INFORMATION_FORMAT = "dwarf-with-dsym";
				ENABLE_NS_ASSERTIONS = NO;
				ENABLE_STRICT_OBJC_MSGSEND = YES;
				GCC_C_LANGUAGE_STANDARD = gnu11;
				GCC_NO_COMMON_BLOCKS = YES;
				GCC_WARN_64_TO_32_BIT_CONVERSION = YES;
				GCC_WARN_ABOUT_RETURN_TYPE = YES_ERROR;
				GCC_WARN_UNDECLARED_SELECTOR = YES;
				GCC_WARN_UNINITIALIZED_AUTOS = YES_AGGRESSIVE;
				GCC_WARN_UNUSED_FUNCTION = YES;
				GCC_WARN_UNUSED_VARIABLE = YES;
				IPHONEOS_DEPLOYMENT_TARGET = 15.5;
				MTL_ENABLE_DEBUG_INFO = NO;
				MTL_FAST_MATH = YES;
				SDKROOT = iphoneos;
				SWIFT_COMPILATION_MODE = wholemodule;
				SWIFT_OPTIMIZATION_LEVEL = "-O";
				VALIDATE_PRODUCT = YES;
			};
			name = Release;
		};
		06D3C24428C1F83E0079B438 /* Debug */ = {
			isa = XCBuildConfiguration;
			buildSettings = {
				ASSETCATALOG_COMPILER_APPICON_NAME = AppIcon;
				ASSETCATALOG_COMPILER_GLOBAL_ACCENT_COLOR_NAME = AccentColor;
				CODE_SIGN_STYLE = Automatic;
				CURRENT_PROJECT_VERSION = 1;
				GENERATE_INFOPLIST_FILE = YES;
				INFOPLIST_FILE = CustomSwitch/Info.plist;
				INFOPLIST_KEY_UIApplicationSupportsIndirectInputEvents = YES;
				INFOPLIST_KEY_UILaunchStoryboardName = LaunchScreen;
				INFOPLIST_KEY_UIMainStoryboardFile = Main;
				INFOPLIST_KEY_UISupportedInterfaceOrientations_iPad = "UIInterfaceOrientationPortrait UIInterfaceOrientationPortraitUpsideDown UIInterfaceOrientationLandscapeLeft UIInterfaceOrientationLandscapeRight";
				INFOPLIST_KEY_UISupportedInterfaceOrientations_iPhone = "UIInterfaceOrientationPortrait UIInterfaceOrientationLandscapeLeft UIInterfaceOrientationLandscapeRight";
				LD_RUNPATH_SEARCH_PATHS = (
					"$(inherited)",
					"@executable_path/Frameworks",
				);
				MARKETING_VERSION = 1.0;
				PRODUCT_BUNDLE_IDENTIFIER = test.CustomSwitch;
				PRODUCT_NAME = "$(TARGET_NAME)";
				SWIFT_EMIT_LOC_STRINGS = YES;
				SWIFT_VERSION = 5.0;
				TARGETED_DEVICE_FAMILY = "1,2";
			};
			name = Debug;
		};
		06D3C24528C1F83E0079B438 /* Release */ = {
			isa = XCBuildConfiguration;
			buildSettings = {
				ASSETCATALOG_COMPILER_APPICON_NAME = AppIcon;
				ASSETCATALOG_COMPILER_GLOBAL_ACCENT_COLOR_NAME = AccentColor;
				CODE_SIGN_STYLE = Automatic;
				CURRENT_PROJECT_VERSION = 1;
				GENERATE_INFOPLIST_FILE = YES;
				INFOPLIST_FILE = CustomSwitch/Info.plist;
				INFOPLIST_KEY_UIApplicationSupportsIndirectInputEvents = YES;
				INFOPLIST_KEY_UILaunchStoryboardName = LaunchScreen;
				INFOPLIST_KEY_UIMainStoryboardFile = Main;
				INFOPLIST_KEY_UISupportedInterfaceOrientations_iPad = "UIInterfaceOrientationPortrait UIInterfaceOrientationPortraitUpsideDown UIInterfaceOrientationLandscapeLeft UIInterfaceOrientationLandscapeRight";
				INFOPLIST_KEY_UISupportedInterfaceOrientations_iPhone = "UIInterfaceOrientationPortrait UIInterfaceOrientationLandscapeLeft UIInterfaceOrientationLandscapeRight";
				LD_RUNPATH_SEARCH_PATHS = (
					"$(inherited)",
					"@executable_path/Frameworks",
				);
				MARKETING_VERSION = 1.0;
				PRODUCT_BUNDLE_IDENTIFIER = test.CustomSwitch;
				PRODUCT_NAME = "$(TARGET_NAME)";
				SWIFT_EMIT_LOC_STRINGS = YES;
				SWIFT_VERSION = 5.0;
				TARGETED_DEVICE_FAMILY = "1,2";
			};
			name = Release;
		};
		06D3C24728C1F83E0079B438 /* Debug */ = {
			isa = XCBuildConfiguration;
			buildSettings = {
				ALWAYS_EMBED_SWIFT_STANDARD_LIBRARIES = YES;
				BUNDLE_LOADER = "$(TEST_HOST)";
				CODE_SIGN_STYLE = Automatic;
				CURRENT_PROJECT_VERSION = 1;
				GENERATE_INFOPLIST_FILE = YES;
				IPHONEOS_DEPLOYMENT_TARGET = 15.5;
				MARKETING_VERSION = 1.0;
				PRODUCT_BUNDLE_IDENTIFIER = test.CustomSwitchTests;
				PRODUCT_NAME = "$(TARGET_NAME)";
				SWIFT_EMIT_LOC_STRINGS = NO;
				SWIFT_VERSION = 5.0;
				TARGETED_DEVICE_FAMILY = "1,2";
				TEST_HOST = "$(BUILT_PRODUCTS_DIR)/CustomSwitch.app/CustomSwitch";
			};
			name = Debug;
		};
		06D3C24828C1F83E0079B438 /* Release */ = {
			isa = XCBuildConfiguration;
			buildSettings = {
				ALWAYS_EMBED_SWIFT_STANDARD_LIBRARIES = YES;
				BUNDLE_LOADER = "$(TEST_HOST)";
				CODE_SIGN_STYLE = Automatic;
				CURRENT_PROJECT_VERSION = 1;
				GENERATE_INFOPLIST_FILE = YES;
				IPHONEOS_DEPLOYMENT_TARGET = 15.5;
				MARKETING_VERSION = 1.0;
				PRODUCT_BUNDLE_IDENTIFIER = test.CustomSwitchTests;
				PRODUCT_NAME = "$(TARGET_NAME)";
				SWIFT_EMIT_LOC_STRINGS = NO;
				SWIFT_VERSION = 5.0;
				TARGETED_DEVICE_FAMILY = "1,2";
				TEST_HOST = "$(BUILT_PRODUCTS_DIR)/CustomSwitch.app/CustomSwitch";
			};
			name = Release;
		};
		06D3C24A28C1F83E0079B438 /* Debug */ = {
			isa = XCBuildConfiguration;
			buildSettings = {
				ALWAYS_EMBED_SWIFT_STANDARD_LIBRARIES = YES;
				CODE_SIGN_STYLE = Automatic;
				CURRENT_PROJECT_VERSION = 1;
				GENERATE_INFOPLIST_FILE = YES;
				MARKETING_VERSION = 1.0;
				PRODUCT_BUNDLE_IDENTIFIER = test.CustomSwitchUITests;
				PRODUCT_NAME = "$(TARGET_NAME)";
				SWIFT_EMIT_LOC_STRINGS = NO;
				SWIFT_VERSION = 5.0;
				TARGETED_DEVICE_FAMILY = "1,2";
				TEST_TARGET_NAME = CustomSwitch;
			};
			name = Debug;
		};
		06D3C24B28C1F83E0079B438 /* Release */ = {
			isa = XCBuildConfiguration;
			buildSettings = {
				ALWAYS_EMBED_SWIFT_STANDARD_LIBRARIES = YES;
				CODE_SIGN_STYLE = Automatic;
				CURRENT_PROJECT_VERSION = 1;
				GENERATE_INFOPLIST_FILE = YES;
				MARKETING_VERSION = 1.0;
				PRODUCT_BUNDLE_IDENTIFIER = test.CustomSwitchUITests;
				PRODUCT_NAME = "$(TARGET_NAME)";
				SWIFT_EMIT_LOC_STRINGS = NO;
				SWIFT_VERSION = 5.0;
				TARGETED_DEVICE_FAMILY = "1,2";
				TEST_TARGET_NAME = CustomSwitch;
			};
			name = Release;
		};
/* End XCBuildConfiguration section */

/* Begin XCConfigurationList section */
		06D3C21428C1F83C0079B438 /* Build configuration list for PBXProject "CustomSwitch" */ = {
			isa = XCConfigurationList;
			buildConfigurations = (
				06D3C24128C1F83E0079B438 /* Debug */,
				06D3C24228C1F83E0079B438 /* Release */,
			);
			defaultConfigurationIsVisible = 0;
			defaultConfigurationName = Release;
		};
		06D3C24328C1F83E0079B438 /* Build configuration list for PBXNativeTarget "CustomSwitch" */ = {
			isa = XCConfigurationList;
			buildConfigurations = (
				06D3C24428C1F83E0079B438 /* Debug */,
				06D3C24528C1F83E0079B438 /* Release */,
			);
			defaultConfigurationIsVisible = 0;
			defaultConfigurationName = Release;
		};
		06D3C24628C1F83E0079B438 /* Build configuration list for PBXNativeTarget "CustomSwitchTests" */ = {
			isa = XCConfigurationList;
			buildConfigurations = (
				06D3C24728C1F83E0079B438 /* Debug */,
				06D3C24828C1F83E0079B438 /* Release */,
			);
			defaultConfigurationIsVisible = 0;
			defaultConfigurationName = Release;
		};
		06D3C24928C1F83E0079B438 /* Build configuration list for PBXNativeTarget "CustomSwitchUITests" */ = {
			isa = XCConfigurationList;
			buildConfigurations = (
				06D3C24A28C1F83E0079B438 /* Debug */,
				06D3C24B28C1F83E0079B438 /* Release */,
			);
			defaultConfigurationIsVisible = 0;
			defaultConfigurationName = Release;
		};
/* End XCConfigurationList section */
	};
	rootObject = 06D3C21128C1F83C0079B438 /* Project object */;
}
