// !$*UTF8*$!
{
	archiveVersion = 1;
	classes = {
	};
	objectVersion = 55;
	objects = {

/* Begin PBXBuildFile section */
		06D93A6328AB8A6F0072BCD1 /* AppDelegate.swift in Sources */ = {isa = PBXBuildFile; fileRef = 06D93A6228AB8A6F0072BCD1 /* AppDelegate.swift */; };
		06D93A6528AB8A6F0072BCD1 /* SceneDelegate.swift in Sources */ = {isa = PBXBuildFile; fileRef = 06D93A6428AB8A6F0072BCD1 /* SceneDelegate.swift */; };
		06D93A6728AB8A6F0072BCD1 /* ViewController.swift in Sources */ = {isa = PBXBuildFile; fileRef = 06D93A6628AB8A6F0072BCD1 /* ViewController.swift */; };
		06D93A6A28AB8A6F0072BCD1 /* Main.storyboard in Resources */ = {isa = PBXBuildFile; fileRef = 06D93A6828AB8A6F0072BCD1 /* Main.storyboard */; };
		06D93A6C28AB8A710072BCD1 /* Assets.xcassets in Resources */ = {isa = PBXBuildFile; fileRef = 06D93A6B28AB8A710072BCD1 /* Assets.xcassets */; };
		06D93A7A28AB8A710072BCD1 /* GraphTests.swift in Sources */ = {isa = PBXBuildFile; fileRef = 06D93A7928AB8A710072BCD1 /* GraphTests.swift */; };
		06D93A8428AB8A710072BCD1 /* GraphUITests.swift in Sources */ = {isa = PBXBuildFile; fileRef = 06D93A8328AB8A710072BCD1 /* GraphUITests.swift */; };
		06D93A8628AB8A710072BCD1 /* GraphUITestsLaunchTests.swift in Sources */ = {isa = PBXBuildFile; fileRef = 06D93A8528AB8A710072BCD1 /* GraphUITestsLaunchTests.swift */; };
/* End PBXBuildFile section */

/* Begin PBXContainerItemProxy section */
		06D93A7628AB8A710072BCD1 /* PBXContainerItemProxy */ = {
			isa = PBXContainerItemProxy;
			containerPortal = 06D93A5728AB8A6F0072BCD1 /* Project object */;
			proxyType = 1;
			remoteGlobalIDString = 06D93A5E28AB8A6F0072BCD1;
			remoteInfo = Graph;
		};
		06D93A8028AB8A710072BCD1 /* PBXContainerItemProxy */ = {
			isa = PBXContainerItemProxy;
			containerPortal = 06D93A5728AB8A6F0072BCD1 /* Project object */;
			proxyType = 1;
			remoteGlobalIDString = 06D93A5E28AB8A6F0072BCD1;
			remoteInfo = Graph;
		};
/* End PBXContainerItemProxy section */

/* Begin PBXFileReference section */
		06D93A5F28AB8A6F0072BCD1 /* Graph.app */ = {isa = PBXFileReference; explicitFileType = wrapper.application; includeInIndex = 0; path = Graph.app; sourceTree = BUILT_PRODUCTS_DIR; };
		06D93A6228AB8A6F0072BCD1 /* AppDelegate.swift */ = {isa = PBXFileReference; lastKnownFileType = sourcecode.swift; path = AppDelegate.swift; sourceTree = "<group>"; };
		06D93A6428AB8A6F0072BCD1 /* SceneDelegate.swift */ = {isa = PBXFileReference; lastKnownFileType = sourcecode.swift; path = SceneDelegate.swift; sourceTree = "<group>"; };
		06D93A6628AB8A6F0072BCD1 /* ViewController.swift */ = {isa = PBXFileReference; lastKnownFileType = sourcecode.swift; path = ViewController.swift; sourceTree = "<group>"; };
		06D93A6928AB8A6F0072BCD1 /* Base */ = {isa = PBXFileReference; lastKnownFileType = file.storyboard; name = Base; path = Base.lproj/Main.storyboard; sourceTree = "<group>"; };
		06D93A6B28AB8A710072BCD1 /* Assets.xcassets */ = {isa = PBXFileReference; lastKnownFileType = folder.assetcatalog; path = Assets.xcassets; sourceTree = "<group>"; };
		06D93A7028AB8A710072BCD1 /* Info.plist */ = {isa = PBXFileReference; lastKnownFileType = text.plist.xml; path = Info.plist; sourceTree = "<group>"; };
		06D93A7528AB8A710072BCD1 /* GraphTests.xctest */ = {isa = PBXFileReference; explicitFileType = wrapper.cfbundle; includeInIndex = 0; path = GraphTests.xctest; sourceTree = BUILT_PRODUCTS_DIR; };
		06D93A7928AB8A710072BCD1 /* GraphTests.swift */ = {isa = PBXFileReference; lastKnownFileType = sourcecode.swift; path = GraphTests.swift; sourceTree = "<group>"; };
		06D93A7F28AB8A710072BCD1 /* GraphUITests.xctest */ = {isa = PBXFileReference; explicitFileType = wrapper.cfbundle; includeInIndex = 0; path = GraphUITests.xctest; sourceTree = BUILT_PRODUCTS_DIR; };
		06D93A8328AB8A710072BCD1 /* GraphUITests.swift */ = {isa = PBXFileReference; lastKnownFileType = sourcecode.swift; path = GraphUITests.swift; sourceTree = "<group>"; };
		06D93A8528AB8A710072BCD1 /* GraphUITestsLaunchTests.swift */ = {isa = PBXFileReference; lastKnownFileType = sourcecode.swift; path = GraphUITestsLaunchTests.swift; sourceTree = "<group>"; };
/* End PBXFileReference section */

/* Begin PBXFrameworksBuildPhase section */
		06D93A5C28AB8A6F0072BCD1 /* Frameworks */ = {
			isa = PBXFrameworksBuildPhase;
			buildActionMask = 2147483647;
			files = (
			);
			runOnlyForDeploymentPostprocessing = 0;
		};
		06D93A7228AB8A710072BCD1 /* Frameworks */ = {
			isa = PBXFrameworksBuildPhase;
			buildActionMask = 2147483647;
			files = (
			);
			runOnlyForDeploymentPostprocessing = 0;
		};
		06D93A7C28AB8A710072BCD1 /* Frameworks */ = {
			isa = PBXFrameworksBuildPhase;
			buildActionMask = 2147483647;
			files = (
			);
			runOnlyForDeploymentPostprocessing = 0;
		};
/* End PBXFrameworksBuildPhase section */

/* Begin PBXGroup section */
		06D93A5628AB8A6F0072BCD1 = {
			isa = PBXGroup;
			children = (
				06D93A6128AB8A6F0072BCD1 /* Graph */,
				06D93A7828AB8A710072BCD1 /* GraphTests */,
				06D93A8228AB8A710072BCD1 /* GraphUITests */,
				06D93A6028AB8A6F0072BCD1 /* Products */,
			);
			sourceTree = "<group>";
		};
		06D93A6028AB8A6F0072BCD1 /* Products */ = {
			isa = PBXGroup;
			children = (
				06D93A5F28AB8A6F0072BCD1 /* Graph.app */,
				06D93A7528AB8A710072BCD1 /* GraphTests.xctest */,
				06D93A7F28AB8A710072BCD1 /* GraphUITests.xctest */,
			);
			name = Products;
			sourceTree = "<group>";
		};
		06D93A6128AB8A6F0072BCD1 /* Graph */ = {
			isa = PBXGroup;
			children = (
				06D93A6228AB8A6F0072BCD1 /* AppDelegate.swift */,
				06D93A6428AB8A6F0072BCD1 /* SceneDelegate.swift */,
				06D93A6628AB8A6F0072BCD1 /* ViewController.swift */,
				06D93A6828AB8A6F0072BCD1 /* Main.storyboard */,
				06D93A6B28AB8A710072BCD1 /* Assets.xcassets */,
				06D93A7028AB8A710072BCD1 /* Info.plist */,
			);
			path = Graph;
			sourceTree = "<group>";
		};
		06D93A7828AB8A710072BCD1 /* GraphTests */ = {
			isa = PBXGroup;
			children = (
				06D93A7928AB8A710072BCD1 /* GraphTests.swift */,
			);
			path = GraphTests;
			sourceTree = "<group>";
		};
		06D93A8228AB8A710072BCD1 /* GraphUITests */ = {
			isa = PBXGroup;
			children = (
				06D93A8328AB8A710072BCD1 /* GraphUITests.swift */,
				06D93A8528AB8A710072BCD1 /* GraphUITestsLaunchTests.swift */,
			);
			path = GraphUITests;
			sourceTree = "<group>";
		};
/* End PBXGroup section */

/* Begin PBXNativeTarget section */
		06D93A5E28AB8A6F0072BCD1 /* Graph */ = {
			isa = PBXNativeTarget;
			buildConfigurationList = 06D93A8928AB8A710072BCD1 /* Build configuration list for PBXNativeTarget "Graph" */;
			buildPhases = (
				06D93A5B28AB8A6F0072BCD1 /* Sources */,
				06D93A5C28AB8A6F0072BCD1 /* Frameworks */,
				06D93A5D28AB8A6F0072BCD1 /* Resources */,
			);
			buildRules = (
			);
			dependencies = (
			);
			name = Graph;
			productName = Graph;
			productReference = 06D93A5F28AB8A6F0072BCD1 /* Graph.app */;
			productType = "com.apple.product-type.application";
		};
		06D93A7428AB8A710072BCD1 /* GraphTests */ = {
			isa = PBXNativeTarget;
			buildConfigurationList = 06D93A8C28AB8A710072BCD1 /* Build configuration list for PBXNativeTarget "GraphTests" */;
			buildPhases = (
				06D93A7128AB8A710072BCD1 /* Sources */,
				06D93A7228AB8A710072BCD1 /* Frameworks */,
				06D93A7328AB8A710072BCD1 /* Resources */,
			);
			buildRules = (
			);
			dependencies = (
				06D93A7728AB8A710072BCD1 /* PBXTargetDependency */,
			);
			name = GraphTests;
			productName = GraphTests;
			productReference = 06D93A7528AB8A710072BCD1 /* GraphTests.xctest */;
			productType = "com.apple.product-type.bundle.unit-test";
		};
		06D93A7E28AB8A710072BCD1 /* GraphUITests */ = {
			isa = PBXNativeTarget;
			buildConfigurationList = 06D93A8F28AB8A710072BCD1 /* Build configuration list for PBXNativeTarget "GraphUITests" */;
			buildPhases = (
				06D93A7B28AB8A710072BCD1 /* Sources */,
				06D93A7C28AB8A710072BCD1 /* Frameworks */,
				06D93A7D28AB8A710072BCD1 /* Resources */,
			);
			buildRules = (
			);
			dependencies = (
				06D93A8128AB8A710072BCD1 /* PBXTargetDependency */,
			);
			name = GraphUITests;
			productName = GraphUITests;
			productReference = 06D93A7F28AB8A710072BCD1 /* GraphUITests.xctest */;
			productType = "com.apple.product-type.bundle.ui-testing";
		};
/* End PBXNativeTarget section */

/* Begin PBXProject section */
		06D93A5728AB8A6F0072BCD1 /* Project object */ = {
			isa = PBXProject;
			attributes = {
				BuildIndependentTargetsInParallel = 1;
				LastSwiftUpdateCheck = 1340;
				LastUpgradeCheck = 1340;
				TargetAttributes = {
					06D93A5E28AB8A6F0072BCD1 = {
						CreatedOnToolsVersion = 13.4.1;
					};
					06D93A7428AB8A710072BCD1 = {
						CreatedOnToolsVersion = 13.4.1;
						TestTargetID = 06D93A5E28AB8A6F0072BCD1;
					};
					06D93A7E28AB8A710072BCD1 = {
						CreatedOnToolsVersion = 13.4.1;
						TestTargetID = 06D93A5E28AB8A6F0072BCD1;
					};
				};
			};
			buildConfigurationList = 06D93A5A28AB8A6F0072BCD1 /* Build configuration list for PBXProject "Graph" */;
			compatibilityVersion = "Xcode 13.0";
			developmentRegion = en;
			hasScannedForEncodings = 0;
			knownRegions = (
				en,
				Base,
			);
			mainGroup = 06D93A5628AB8A6F0072BCD1;
			productRefGroup = 06D93A6028AB8A6F0072BCD1 /* Products */;
			projectDirPath = "";
			projectRoot = "";
			targets = (
				06D93A5E28AB8A6F0072BCD1 /* Graph */,
				06D93A7428AB8A710072BCD1 /* GraphTests */,
				06D93A7E28AB8A710072BCD1 /* GraphUITests */,
			);
		};
/* End PBXProject section */

/* Begin PBXResourcesBuildPhase section */
		06D93A5D28AB8A6F0072BCD1 /* Resources */ = {
			isa = PBXResourcesBuildPhase;
			buildActionMask = 2147483647;
			files = (
				06D93A6C28AB8A710072BCD1 /* Assets.xcassets in Resources */,
				06D93A6A28AB8A6F0072BCD1 /* Main.storyboard in Resources */,
			);
			runOnlyForDeploymentPostprocessing = 0;
		};
		06D93A7328AB8A710072BCD1 /* Resources */ = {
			isa = PBXResourcesBuildPhase;
			buildActionMask = 2147483647;
			files = (
			);
			runOnlyForDeploymentPostprocessing = 0;
		};
		06D93A7D28AB8A710072BCD1 /* Resources */ = {
			isa = PBXResourcesBuildPhase;
			buildActionMask = 2147483647;
			files = (
			);
			runOnlyForDeploymentPostprocessing = 0;
		};
/* End PBXResourcesBuildPhase section */

/* Begin PBXSourcesBuildPhase section */
		06D93A5B28AB8A6F0072BCD1 /* Sources */ = {
			isa = PBXSourcesBuildPhase;
			buildActionMask = 2147483647;
			files = (
				06D93A6728AB8A6F0072BCD1 /* ViewController.swift in Sources */,
				06D93A6328AB8A6F0072BCD1 /* AppDelegate.swift in Sources */,
				06D93A6528AB8A6F0072BCD1 /* SceneDelegate.swift in Sources */,
			);
			runOnlyForDeploymentPostprocessing = 0;
		};
		06D93A7128AB8A710072BCD1 /* Sources */ = {
			isa = PBXSourcesBuildPhase;
			buildActionMask = 2147483647;
			files = (
				06D93A7A28AB8A710072BCD1 /* GraphTests.swift in Sources */,
			);
			runOnlyForDeploymentPostprocessing = 0;
		};
		06D93A7B28AB8A710072BCD1 /* Sources */ = {
			isa = PBXSourcesBuildPhase;
			buildActionMask = 2147483647;
			files = (
				06D93A8428AB8A710072BCD1 /* GraphUITests.swift in Sources */,
				06D93A8628AB8A710072BCD1 /* GraphUITestsLaunchTests.swift in Sources */,
			);
			runOnlyForDeploymentPostprocessing = 0;
		};
/* End PBXSourcesBuildPhase section */

/* Begin PBXTargetDependency section */
		06D93A7728AB8A710072BCD1 /* PBXTargetDependency */ = {
			isa = PBXTargetDependency;
			target = 06D93A5E28AB8A6F0072BCD1 /* Graph */;
			targetProxy = 06D93A7628AB8A710072BCD1 /* PBXContainerItemProxy */;
		};
		06D93A8128AB8A710072BCD1 /* PBXTargetDependency */ = {
			isa = PBXTargetDependency;
			target = 06D93A5E28AB8A6F0072BCD1 /* Graph */;
			targetProxy = 06D93A8028AB8A710072BCD1 /* PBXContainerItemProxy */;
		};
/* End PBXTargetDependency section */

/* Begin PBXVariantGroup section */
		06D93A6828AB8A6F0072BCD1 /* Main.storyboard */ = {
			isa = PBXVariantGroup;
			children = (
				06D93A6928AB8A6F0072BCD1 /* Base */,
			);
			name = Main.storyboard;
			sourceTree = "<group>";
		};
/* End PBXVariantGroup section */

/* Begin XCBuildConfiguration section */
		06D93A8728AB8A710072BCD1 /* Debug */ = {
			isa = XCBuildConfiguration;
			buildSettings = {
				ALWAYS_SEARCH_USER_PATHS = NO;
				CLANG_ANALYZER_NONNULL = YES;
				CLANG_ANALYZER_NUMBER_OBJECT_CONVERSION = YES_AGGRESSIVE;
				CLANG_CXX_LANGUAGE_STANDARD = "gnu++17";
				CLANG_ENABLE_MODULES = YES;
				CLANG_ENABLE_OBJC_ARC = YES;
				CLANG_ENABLE_OBJC_WEAK = YES;
				CLANG_WARN_BLOCK_CAPTURE_AUTORELEASING = YES;
				CLANG_WARN_BOOL_CONVERSION = YES;
				CLANG_WARN_COMMA = YES;
				CLANG_WARN_CONSTANT_CONVERSION = YES;
				CLANG_WARN_DEPRECATED_OBJC_IMPLEMENTATIONS = YES;
				CLANG_WARN_DIRECT_OBJC_ISA_USAGE = YES_ERROR;
				CLANG_WARN_DOCUMENTATION_COMMENTS = YES;
				CLANG_WARN_EMPTY_BODY = YES;
				CLANG_WARN_ENUM_CONVERSION = YES;
				CLANG_WARN_INFINITE_RECURSION = YES;
				CLANG_WARN_INT_CONVERSION = YES;
				CLANG_WARN_NON_LITERAL_NULL_CONVERSION = YES;
				CLANG_WARN_OBJC_IMPLICIT_RETAIN_SELF = YES;
				CLANG_WARN_OBJC_LITERAL_CONVERSION = YES;
				CLANG_WARN_OBJC_ROOT_CLASS = YES_ERROR;
				CLANG_WARN_QUOTED_INCLUDE_IN_FRAMEWORK_HEADER = YES;
				CLANG_WARN_RANGE_LOOP_ANALYSIS = YES;
				CLANG_WARN_STRICT_PROTOTYPES = YES;
				CLANG_WARN_SUSPICIOUS_MOVE = YES;
				CLANG_WARN_UNGUARDED_AVAILABILITY = YES_AGGRESSIVE;
				CLANG_WARN_UNREACHABLE_CODE = YES;
				CLANG_WARN__DUPLICATE_METHOD_MATCH = YES;
				COPY_PHASE_STRIP = NO;
				DEBUG_INFORMATION_FORMAT = dwarf;
				ENABLE_STRICT_OBJC_MSGSEND = YES;
				ENABLE_TESTABILITY = YES;
				GCC_C_LANGUAGE_STANDARD = gnu11;
				GCC_DYNAMIC_NO_PIC = NO;
				GCC_NO_COMMON_BLOCKS = YES;
				GCC_OPTIMIZATION_LEVEL = 0;
				GCC_PREPROCESSOR_DEFINITIONS = (
					"DEBUG=1",
					"$(inherited)",
				);
				GCC_WARN_64_TO_32_BIT_CONVERSION = YES;
				GCC_WARN_ABOUT_RETURN_TYPE = YES_ERROR;
				GCC_WARN_UNDECLARED_SELECTOR = YES;
				GCC_WARN_UNINITIALIZED_AUTOS = YES_AGGRESSIVE;
				GCC_WARN_UNUSED_FUNCTION = YES;
				GCC_WARN_UNUSED_VARIABLE = YES;
				IPHONEOS_DEPLOYMENT_TARGET = 15.5;
				MTL_ENABLE_DEBUG_INFO = INCLUDE_SOURCE;
				MTL_FAST_MATH = YES;
				ONLY_ACTIVE_ARCH = YES;
				SDKROOT = iphoneos;
				SWIFT_ACTIVE_COMPILATION_CONDITIONS = DEBUG;
				SWIFT_OPTIMIZATION_LEVEL = "-Onone";
			};
			name = Debug;
		};
		06D93A8828AB8A710072BCD1 /* Release */ = {
			isa = XCBuildConfiguration;
			buildSettings = {
				ALWAYS_SEARCH_USER_PATHS = NO;
				CLANG_ANALYZER_NONNULL = YES;
				CLANG_ANALYZER_NUMBER_OBJECT_CONVERSION = YES_AGGRESSIVE;
				CLANG_CXX_LANGUAGE_STANDARD = "gnu++17";
				CLANG_ENABLE_MODULES = YES;
				CLANG_ENABLE_OBJC_ARC = YES;
				CLANG_ENABLE_OBJC_WEAK = YES;
				CLANG_WARN_BLOCK_CAPTURE_AUTORELEASING = YES;
				CLANG_WARN_BOOL_CONVERSION = YES;
				CLANG_WARN_COMMA = YES;
				CLANG_WARN_CONSTANT_CONVERSION = YES;
				CLANG_WARN_DEPRECATED_OBJC_IMPLEMENTATIONS = YES;
				CLANG_WARN_DIRECT_OBJC_ISA_USAGE = YES_ERROR;
				CLANG_WARN_DOCUMENTATION_COMMENTS = YES;
				CLANG_WARN_EMPTY_BODY = YES;
				CLANG_WARN_ENUM_CONVERSION = YES;
				CLANG_WARN_INFINITE_RECURSION = YES;
				CLANG_WARN_INT_CONVERSION = YES;
				CLANG_WARN_NON_LITERAL_NULL_CONVERSION = YES;
				CLANG_WARN_OBJC_IMPLICIT_RETAIN_SELF = YES;
				CLANG_WARN_OBJC_LITERAL_CONVERSION = YES;
				CLANG_WARN_OBJC_ROOT_CLASS = YES_ERROR;
				CLANG_WARN_QUOTED_INCLUDE_IN_FRAMEWORK_HEADER = YES;
				CLANG_WARN_RANGE_LOOP_ANALYSIS = YES;
				CLANG_WARN_STRICT_PROTOTYPES = YES;
				CLANG_WARN_SUSPICIOUS_MOVE = YES;
				CLANG_WARN_UNGUARDED_AVAILABILITY = YES_AGGRESSIVE;
				CLANG_WARN_UNREACHABLE_CODE = YES;
				CLANG_WARN__DUPLICATE_METHOD_MATCH = YES;
				COPY_PHASE_STRIP = NO;
				DEBUG_INFORMATION_FORMAT = "dwarf-with-dsym";
				ENABLE_NS_ASSERTIONS = NO;
				ENABLE_STRICT_OBJC_MSGSEND = YES;
				GCC_C_LANGUAGE_STANDARD = gnu11;
				GCC_NO_COMMON_BLOCKS = YES;
				GCC_WARN_64_TO_32_BIT_CONVERSION = YES;
				GCC_WARN_ABOUT_RETURN_TYPE = YES_ERROR;
				GCC_WARN_UNDECLARED_SELECTOR = YES;
				GCC_WARN_UNINITIALIZED_AUTOS = YES_AGGRESSIVE;
				GCC_WARN_UNUSED_FUNCTION = YES;
				GCC_WARN_UNUSED_VARIABLE = YES;
				IPHONEOS_DEPLOYMENT_TARGET = 15.5;
				MTL_ENABLE_DEBUG_INFO = NO;
				MTL_FAST_MATH = YES;
				SDKROOT = iphoneos;
				SWIFT_COMPILATION_MODE = wholemodule;
				SWIFT_OPTIMIZATION_LEVEL = "-O";
				VALIDATE_PRODUCT = YES;
			};
			name = Release;
		};
		06D93A8A28AB8A710072BCD1 /* Debug */ = {
			isa = XCBuildConfiguration;
			buildSettings = {
				ASSETCATALOG_COMPILER_APPICON_NAME = AppIcon;
				ASSETCATALOG_COMPILER_GLOBAL_ACCENT_COLOR_NAME = AccentColor;
				CODE_SIGN_STYLE = Automatic;
				CURRENT_PROJECT_VERSION = 1;
				GENERATE_INFOPLIST_FILE = YES;
				INFOPLIST_FILE = Graph/Info.plist;
				INFOPLIST_KEY_UIApplicationSupportsIndirectInputEvents = YES;
				INFOPLIST_KEY_UILaunchStoryboardName = LaunchScreen;
				INFOPLIST_KEY_UIMainStoryboardFile = Main;
				INFOPLIST_KEY_UISupportedInterfaceOrientations_iPad = "UIInterfaceOrientationPortrait UIInterfaceOrientationPortraitUpsideDown UIInterfaceOrientationLandscapeLeft UIInterfaceOrientationLandscapeRight";
				INFOPLIST_KEY_UISupportedInterfaceOrientations_iPhone = "UIInterfaceOrientationPortrait UIInterfaceOrientationLandscapeLeft UIInterfaceOrientationLandscapeRight";
				LD_RUNPATH_SEARCH_PATHS = (
					"$(inherited)",
					"@executable_path/Frameworks",
				);
				MARKETING_VERSION = 1.0;
				PRODUCT_BUNDLE_IDENTIFIER = test.Graph;
				PRODUCT_NAME = "$(TARGET_NAME)";
				SWIFT_EMIT_LOC_STRINGS = YES;
				SWIFT_VERSION = 5.0;
				TARGETED_DEVICE_FAMILY = "1,2";
			};
			name = Debug;
		};
		06D93A8B28AB8A710072BCD1 /* Release */ = {
			isa = XCBuildConfiguration;
			buildSettings = {
				ASSETCATALOG_COMPILER_APPICON_NAME = AppIcon;
				ASSETCATALOG_COMPILER_GLOBAL_ACCENT_COLOR_NAME = AccentColor;
				CODE_SIGN_STYLE = Automatic;
				CURRENT_PROJECT_VERSION = 1;
				GENERATE_INFOPLIST_FILE = YES;
				INFOPLIST_FILE = Graph/Info.plist;
				INFOPLIST_KEY_UIApplicationSupportsIndirectInputEvents = YES;
				INFOPLIST_KEY_UILaunchStoryboardName = LaunchScreen;
				INFOPLIST_KEY_UIMainStoryboardFile = Main;
				INFOPLIST_KEY_UISupportedInterfaceOrientations_iPad = "UIInterfaceOrientationPortrait UIInterfaceOrientationPortraitUpsideDown UIInterfaceOrientationLandscapeLeft UIInterfaceOrientationLandscapeRight";
				INFOPLIST_KEY_UISupportedInterfaceOrientations_iPhone = "UIInterfaceOrientationPortrait UIInterfaceOrientationLandscapeLeft UIInterfaceOrientationLandscapeRight";
				LD_RUNPATH_SEARCH_PATHS = (
					"$(inherited)",
					"@executable_path/Frameworks",
				);
				MARKETING_VERSION = 1.0;
				PRODUCT_BUNDLE_IDENTIFIER = test.Graph;
				PRODUCT_NAME = "$(TARGET_NAME)";
				SWIFT_EMIT_LOC_STRINGS = YES;
				SWIFT_VERSION = 5.0;
				TARGETED_DEVICE_FAMILY = "1,2";
			};
			name = Release;
		};
		06D93A8D28AB8A710072BCD1 /* Debug */ = {
			isa = XCBuildConfiguration;
			buildSettings = {
				ALWAYS_EMBED_SWIFT_STANDARD_LIBRARIES = YES;
				BUNDLE_LOADER = "$(TEST_HOST)";
				CODE_SIGN_STYLE = Automatic;
				CURRENT_PROJECT_VERSION = 1;
				GENERATE_INFOPLIST_FILE = YES;
				IPHONEOS_DEPLOYMENT_TARGET = 15.5;
				MARKETING_VERSION = 1.0;
				PRODUCT_BUNDLE_IDENTIFIER = test.GraphTests;
				PRODUCT_NAME = "$(TARGET_NAME)";
				SWIFT_EMIT_LOC_STRINGS = NO;
				SWIFT_VERSION = 5.0;
				TARGETED_DEVICE_FAMILY = "1,2";
				TEST_HOST = "$(BUILT_PRODUCTS_DIR)/Graph.app/Graph";
			};
			name = Debug;
		};
		06D93A8E28AB8A710072BCD1 /* Release */ = {
			isa = XCBuildConfiguration;
			buildSettings = {
				ALWAYS_EMBED_SWIFT_STANDARD_LIBRARIES = YES;
				BUNDLE_LOADER = "$(TEST_HOST)";
				CODE_SIGN_STYLE = Automatic;
				CURRENT_PROJECT_VERSION = 1;
				GENERATE_INFOPLIST_FILE = YES;
				IPHONEOS_DEPLOYMENT_TARGET = 15.5;
				MARKETING_VERSION = 1.0;
				PRODUCT_BUNDLE_IDENTIFIER = test.GraphTests;
				PRODUCT_NAME = "$(TARGET_NAME)";
				SWIFT_EMIT_LOC_STRINGS = NO;
				SWIFT_VERSION = 5.0;
				TARGETED_DEVICE_FAMILY = "1,2";
				TEST_HOST = "$(BUILT_PRODUCTS_DIR)/Graph.app/Graph";
			};
			name = Release;
		};
		06D93A9028AB8A710072BCD1 /* Debug */ = {
			isa = XCBuildConfiguration;
			buildSettings = {
				ALWAYS_EMBED_SWIFT_STANDARD_LIBRARIES = YES;
				CODE_SIGN_STYLE = Automatic;
				CURRENT_PROJECT_VERSION = 1;
				GENERATE_INFOPLIST_FILE = YES;
				MARKETING_VERSION = 1.0;
				PRODUCT_BUNDLE_IDENTIFIER = test.GraphUITests;
				PRODUCT_NAME = "$(TARGET_NAME)";
				SWIFT_EMIT_LOC_STRINGS = NO;
				SWIFT_VERSION = 5.0;
				TARGETED_DEVICE_FAMILY = "1,2";
				TEST_TARGET_NAME = Graph;
			};
			name = Debug;
		};
		06D93A9128AB8A710072BCD1 /* Release */ = {
			isa = XCBuildConfiguration;
			buildSettings = {
				ALWAYS_EMBED_SWIFT_STANDARD_LIBRARIES = YES;
				CODE_SIGN_STYLE = Automatic;
				CURRENT_PROJECT_VERSION = 1;
				GENERATE_INFOPLIST_FILE = YES;
				MARKETING_VERSION = 1.0;
				PRODUCT_BUNDLE_IDENTIFIER = test.GraphUITests;
				PRODUCT_NAME = "$(TARGET_NAME)";
				SWIFT_EMIT_LOC_STRINGS = NO;
				SWIFT_VERSION = 5.0;
				TARGETED_DEVICE_FAMILY = "1,2";
				TEST_TARGET_NAME = Graph;
			};
			name = Release;
		};
/* End XCBuildConfiguration section */

/* Begin XCConfigurationList section */
		06D93A5A28AB8A6F0072BCD1 /* Build configuration list for PBXProject "Graph" */ = {
			isa = XCConfigurationList;
			buildConfigurations = (
				06D93A8728AB8A710072BCD1 /* Debug */,
				06D93A8828AB8A710072BCD1 /* Release */,
			);
			defaultConfigurationIsVisible = 0;
			defaultConfigurationName = Release;
		};
		06D93A8928AB8A710072BCD1 /* Build configuration list for PBXNativeTarget "Graph" */ = {
			isa = XCConfigurationList;
			buildConfigurations = (
				06D93A8A28AB8A710072BCD1 /* Debug */,
				06D93A8B28AB8A710072BCD1 /* Release */,
			);
			defaultConfigurationIsVisible = 0;
			defaultConfigurationName = Release;
		};
		06D93A8C28AB8A710072BCD1 /* Build configuration list for PBXNativeTarget "GraphTests" */ = {
			isa = XCConfigurationList;
			buildConfigurations = (
				06D93A8D28AB8A710072BCD1 /* Debug */,
				06D93A8E28AB8A710072BCD1 /* Release */,
			);
			defaultConfigurationIsVisible = 0;
			defaultConfigurationName = Release;
		};
		06D93A8F28AB8A710072BCD1 /* Build configuration list for PBXNativeTarget "GraphUITests" */ = {
			isa = XCConfigurationList;
			buildConfigurations = (
				06D93A9028AB8A710072BCD1 /* Debug */,
				06D93A9128AB8A710072BCD1 /* Release */,
			);
			defaultConfigurationIsVisible = 0;
			defaultConfigurationName = Release;
		};
/* End XCConfigurationList section */
	};
	rootObject = 06D93A5728AB8A6F0072BCD1 /* Project object */;
}
